
Microsoft Visual Studio Solution File, Format Version 12.00
# Visual Studio 15
VisualStudioVersion = 15.0.28307.779
MinimumVisualStudioVersion = 10.0.40219.1
Project("{F184B08F-C81C-45F6-A57F-5ABD9991F28F}") = "DSC.NFe.MD.AppBaixaXmlNFe", "DSC.NFe.MD.AppBaixaXmlNFe\DSC.NFe.MD.AppBaixaXmlNFe.vbproj", "{902A084F-74F7-4DCE-97E4-7E67FCCBAD03}"
EndProject
Project("{F184B08F-C81C-45F6-A57F-5ABD9991F28F}") = "DSC.NFe.MD.AppBuscaListaDestinadas", "DSC.NFe.MD.AppBuscaListaDestinadas\DSC.NFe.MD.AppBuscaListaDestinadas.vbproj", "{F1E3D246-EC47-4421-96AE-C4A26C9B0480}"
EndProject
Project("{F184B08F-C81C-45F6-A57F-5ABD9991F28F}") = "DSC.NFe.MD.AppSolicitacaoEvento", "DSC.NFe.MD.AppSolicitacaoEvento\DSC.NFe.MD.AppSolicitacaoEvento.vbproj", "{14E3255E-D5C7-481A-BA49-9C1689872F0E}"
EndProject
Project("{F184B08F-C81C-45F6-A57F-5ABD9991F28F}") = "DSC.NFe.MD.PainelControle", "DSC.NFe.MD.PainelControle\DSC.NFe.MD.PainelControle.vbproj", "{7FC4D582-D4C4-4327-9CD7-A87C8F65BF85}"
EndProject
Project("{F184B08F-C81C-45F6-A57F-5ABD9991F28F}") = "DSC.NFe.MD.Progress", "DSC.NFe.MD.Progress\DSC.NFe.MD.Progress.vbproj", "{C3D2EE60-0751-429F-9630-8EAEF6B87414}"
EndProject
Project("{F184B08F-C81C-45F6-A57F-5ABD9991F28F}") = "DSC.NFe.MD.Registry", "DSC.NFe.MD.Registry\DSC.NFe.MD.Registry.vbproj", "{978D5986-FEF9-4D67-BF0C-558ED689D1E2}"
EndProject
Project("{F184B08F-C81C-45F6-A57F-5ABD9991F28F}") = "DSC.NFe.MD.Scheduler", "DSC.NFe.MD.Scheduler\DSC.NFe.MD.Scheduler.vbproj", "{AB9B5442-57EA-42F5-915E-40042AEA7D74}"
EndProject
Project("{54435603-DBB4-11D2-8724-00A0C9A8B90C}") = "DSC.NFe.MD.Setup", "DSC.NFe.MD.Setup\DSC.NFe.MD.Setup.vdproj", "{61F001B8-1BF4-4620-94F4-4DF6DAE527DD}"
EndProject
Project("{F184B08F-C81C-45F6-A57F-5ABD9991F28F}") = "DSC.EmailProtocol", "..\DSC-Global\DSC.EmailProtocol\DSC.EmailProtocol.vbproj", "{9FE22218-E11E-4490-A216-2D4A859D3DB4}"
EndProject
Project("{F184B08F-C81C-45F6-A57F-5ABD9991F28F}") = "DSC.NFe.Log", "..\DSC-Global\DSC.NFe.Log\DSC.NFe.Log.vbproj", "{D51F5A20-9681-4017-BD3F-207613C0C272}"
EndProject
Project("{F184B08F-C81C-45F6-A57F-5ABD9991F28F}") = "DSC.Cryptography", "..\DSC-Global\DSC.Cryptography\DSC.Cryptography.vbproj", "{BDFED66F-6EFF-4C85-AD0E-597A14499F23}"
EndProject
Project("{F184B08F-C81C-45F6-A57F-5ABD9991F28F}") = "DSC.NFe.MD.ConsultaSefaz", "DSC.NFe.MD.ConsultaSefaz\DSC.NFe.MD.ConsultaSefaz.vbproj", "{EC1E89E4-07E3-4F2D-8189-9EAE706C7D47}"
EndProject
Project("{F184B08F-C81C-45F6-A57F-5ABD9991F28F}") = "DSC.NFe.MD.AppBuscaCTe", "DSC.NFe.MD.AppBuscaCTe\DSC.NFe.MD.AppBuscaCTe.vbproj", "{590A0261-B944-4B49-B7C7-B56FF38752CE}"
EndProject
Project("{F184B08F-C81C-45F6-A57F-5ABD9991F28F}") = "DSC.NFe.MD.AppBuscaNFSeSP", "DSC.NFe.MD.AppBuscaNFSeSP\DSC.NFe.MD.AppBuscaNFSeSP.vbproj", "{2EE650BF-8B06-456D-8244-FB26181AF546}"
EndProject
Project("{F184B08F-C81C-45F6-A57F-5ABD9991F28F}") = "DSC.NFe.Sefaz", "..\DSC-Global - NFSe\DSC.NFe.Sefaz\DSC.NFe.Sefaz.vbproj", "{FE96245D-F597-499F-BC96-4C587B60F00D}"
EndProject
Project("{FAE04EC0-301F-11D3-BF4B-00C04F79EFBC}") = "Teste1NFSE", "Teste1NFSE\Teste1NFSE.csproj", "{25CC30BF-61AB-4D06-9DCE-9AD2926DCE4F}"
EndProject
Global
	GlobalSection(SolutionConfigurationPlatforms) = preSolution
		Debug|Any CPU = Debug|Any CPU
		Debug|x86 = Debug|x86
		Release|Any CPU = Release|Any CPU
		Release|x86 = Release|x86
	EndGlobalSection
	GlobalSection(ProjectConfigurationPlatforms) = postSolution
		{902A084F-74F7-4DCE-97E4-7E67FCCBAD03}.Debug|Any CPU.ActiveCfg = Debug|Any CPU
		{902A084F-74F7-4DCE-97E4-7E67FCCBAD03}.Debug|Any CPU.Build.0 = Debug|Any CPU
		{902A084F-74F7-4DCE-97E4-7E67FCCBAD03}.Debug|x86.ActiveCfg = Debug|x86
		{902A084F-74F7-4DCE-97E4-7E67FCCBAD03}.Debug|x86.Build.0 = Debug|x86
		{902A084F-74F7-4DCE-97E4-7E67FCCBAD03}.Release|Any CPU.ActiveCfg = Release|Any CPU
		{902A084F-74F7-4DCE-97E4-7E67FCCBAD03}.Release|Any CPU.Build.0 = Release|Any CPU
		{902A084F-74F7-4DCE-97E4-7E67FCCBAD03}.Release|x86.ActiveCfg = Release|x86
		{902A084F-74F7-4DCE-97E4-7E67FCCBAD03}.Release|x86.Build.0 = Release|x86
		{F1E3D246-EC47-4421-96AE-C4A26C9B0480}.Debug|Any CPU.ActiveCfg = Debug|Any CPU
		{F1E3D246-EC47-4421-96AE-C4A26C9B0480}.Debug|Any CPU.Build.0 = Debug|Any CPU
		{F1E3D246-EC47-4421-96AE-C4A26C9B0480}.Debug|x86.ActiveCfg = Debug|x86
		{F1E3D246-EC47-4421-96AE-C4A26C9B0480}.Debug|x86.Build.0 = Debug|x86
		{F1E3D246-EC47-4421-96AE-C4A26C9B0480}.Release|Any CPU.ActiveCfg = Release|Any CPU
		{F1E3D246-EC47-4421-96AE-C4A26C9B0480}.Release|Any CPU.Build.0 = Release|Any CPU
		{F1E3D246-EC47-4421-96AE-C4A26C9B0480}.Release|x86.ActiveCfg = Release|x86
		{F1E3D246-EC47-4421-96AE-C4A26C9B0480}.Release|x86.Build.0 = Release|x86
		{14E3255E-D5C7-481A-BA49-9C1689872F0E}.Debug|Any CPU.ActiveCfg = Debug|Any CPU
		{14E3255E-D5C7-481A-BA49-9C1689872F0E}.Debug|Any CPU.Build.0 = Debug|Any CPU
		{14E3255E-D5C7-481A-BA49-9C1689872F0E}.Debug|x86.ActiveCfg = Debug|x86
		{14E3255E-D5C7-481A-BA49-9C1689872F0E}.Debug|x86.Build.0 = Debug|x86
		{14E3255E-D5C7-481A-BA49-9C1689872F0E}.Release|Any CPU.ActiveCfg = Release|Any CPU
		{14E3255E-D5C7-481A-BA49-9C1689872F0E}.Release|Any CPU.Build.0 = Release|Any CPU
		{14E3255E-D5C7-481A-BA49-9C1689872F0E}.Release|x86.ActiveCfg = Release|x86
		{14E3255E-D5C7-481A-BA49-9C1689872F0E}.Release|x86.Build.0 = Release|x86
		{7FC4D582-D4C4-4327-9CD7-A87C8F65BF85}.Debug|Any CPU.ActiveCfg = Debug|Any CPU
		{7FC4D582-D4C4-4327-9CD7-A87C8F65BF85}.Debug|Any CPU.Build.0 = Debug|Any CPU
		{7FC4D582-D4C4-4327-9CD7-A87C8F65BF85}.Debug|x86.ActiveCfg = Debug|x86
		{7FC4D582-D4C4-4327-9CD7-A87C8F65BF85}.Debug|x86.Build.0 = Debug|x86
		{7FC4D582-D4C4-4327-9CD7-A87C8F65BF85}.Release|Any CPU.ActiveCfg = Release|Any CPU
		{7FC4D582-D4C4-4327-9CD7-A87C8F65BF85}.Release|Any CPU.Build.0 = Release|Any CPU
		{7FC4D582-D4C4-4327-9CD7-A87C8F65BF85}.Release|x86.ActiveCfg = Release|x86
		{7FC4D582-D4C4-4327-9CD7-A87C8F65BF85}.Release|x86.Build.0 = Release|x86
		{C3D2EE60-0751-429F-9630-8EAEF6B87414}.Debug|Any CPU.ActiveCfg = Debug|Any CPU
		{C3D2EE60-0751-429F-9630-8EAEF6B87414}.Debug|Any CPU.Build.0 = Debug|Any CPU
		{C3D2EE60-0751-429F-9630-8EAEF6B87414}.Debug|x86.ActiveCfg = Debug|Any CPU
		{C3D2EE60-0751-429F-9630-8EAEF6B87414}.Release|Any CPU.ActiveCfg = Release|Any CPU
		{C3D2EE60-0751-429F-9630-8EAEF6B87414}.Release|Any CPU.Build.0 = Release|Any CPU
		{C3D2EE60-0751-429F-9630-8EAEF6B87414}.Release|x86.ActiveCfg = Release|Any CPU
		{978D5986-FEF9-4D67-BF0C-558ED689D1E2}.Debug|Any CPU.ActiveCfg = Debug|Any CPU
		{978D5986-FEF9-4D67-BF0C-558ED689D1E2}.Debug|Any CPU.Build.0 = Debug|Any CPU
		{978D5986-FEF9-4D67-BF0C-558ED689D1E2}.Debug|x86.ActiveCfg = Debug|Any CPU
		{978D5986-FEF9-4D67-BF0C-558ED689D1E2}.Release|Any CPU.ActiveCfg = Release|Any CPU
		{978D5986-FEF9-4D67-BF0C-558ED689D1E2}.Release|Any CPU.Build.0 = Release|Any CPU
		{978D5986-FEF9-4D67-BF0C-558ED689D1E2}.Release|x86.ActiveCfg = Release|Any CPU
		{AB9B5442-57EA-42F5-915E-40042AEA7D74}.Debug|Any CPU.ActiveCfg = Debug|Any CPU
		{AB9B5442-57EA-42F5-915E-40042AEA7D74}.Debug|Any CPU.Build.0 = Debug|Any CPU
		{AB9B5442-57EA-42F5-915E-40042AEA7D74}.Debug|x86.ActiveCfg = Debug|Any CPU
		{AB9B5442-57EA-42F5-915E-40042AEA7D74}.Release|Any CPU.ActiveCfg = Release|Any CPU
		{AB9B5442-57EA-42F5-915E-40042AEA7D74}.Release|Any CPU.Build.0 = Release|Any CPU
		{AB9B5442-57EA-42F5-915E-40042AEA7D74}.Release|x86.ActiveCfg = Release|Any CPU
		{61F001B8-1BF4-4620-94F4-4DF6DAE527DD}.Debug|Any CPU.ActiveCfg = Debug
		{61F001B8-1BF4-4620-94F4-4DF6DAE527DD}.Debug|Any CPU.Build.0 = Debug
		{61F001B8-1BF4-4620-94F4-4DF6DAE527DD}.Debug|x86.ActiveCfg = Debug
		{61F001B8-1BF4-4620-94F4-4DF6DAE527DD}.Debug|x86.Build.0 = Debug
		{61F001B8-1BF4-4620-94F4-4DF6DAE527DD}.Release|Any CPU.ActiveCfg = Release
		{61F001B8-1BF4-4620-94F4-4DF6DAE527DD}.Release|Any CPU.Build.0 = Release
		{61F001B8-1BF4-4620-94F4-4DF6DAE527DD}.Release|x86.ActiveCfg = Release
		{61F001B8-1BF4-4620-94F4-4DF6DAE527DD}.Release|x86.Build.0 = Release
		{9FE22218-E11E-4490-A216-2D4A859D3DB4}.Debug|Any CPU.ActiveCfg = Debug|Any CPU
		{9FE22218-E11E-4490-A216-2D4A859D3DB4}.Debug|Any CPU.Build.0 = Debug|Any CPU
		{9FE22218-E11E-4490-A216-2D4A859D3DB4}.Debug|x86.ActiveCfg = Debug|Any CPU
		{9FE22218-E11E-4490-A216-2D4A859D3DB4}.Release|Any CPU.ActiveCfg = Release|Any CPU
		{9FE22218-E11E-4490-A216-2D4A859D3DB4}.Release|Any CPU.Build.0 = Release|Any CPU
		{9FE22218-E11E-4490-A216-2D4A859D3DB4}.Release|x86.ActiveCfg = Release|Any CPU
		{D51F5A20-9681-4017-BD3F-207613C0C272}.Debug|Any CPU.ActiveCfg = Debug|Any CPU
		{D51F5A20-9681-4017-BD3F-207613C0C272}.Debug|Any CPU.Build.0 = Debug|Any CPU
		{D51F5A20-9681-4017-BD3F-207613C0C272}.Debug|x86.ActiveCfg = Debug|Any CPU
		{D51F5A20-9681-4017-BD3F-207613C0C272}.Release|Any CPU.ActiveCfg = Release|Any CPU
		{D51F5A20-9681-4017-BD3F-207613C0C272}.Release|Any CPU.Build.0 = Release|Any CPU
		{D51F5A20-9681-4017-BD3F-207613C0C272}.Release|x86.ActiveCfg = Release|Any CPU
		{BDFED66F-6EFF-4C85-AD0E-597A14499F23}.Debug|Any CPU.ActiveCfg = Debug|Any CPU
		{BDFED66F-6EFF-4C85-AD0E-597A14499F23}.Debug|Any CPU.Build.0 = Debug|Any CPU
		{BDFED66F-6EFF-4C85-AD0E-597A14499F23}.Debug|x86.ActiveCfg = Debug|Any CPU
		{BDFED66F-6EFF-4C85-AD0E-597A14499F23}.Release|Any CPU.ActiveCfg = Release|Any CPU
		{BDFED66F-6EFF-4C85-AD0E-597A14499F23}.Release|Any CPU.Build.0 = Release|Any CPU
		{BDFED66F-6EFF-4C85-AD0E-597A14499F23}.Release|x86.ActiveCfg = Release|Any CPU
		{EC1E89E4-07E3-4F2D-8189-9EAE706C7D47}.Debug|Any CPU.ActiveCfg = Debug|Any CPU
		{EC1E89E4-07E3-4F2D-8189-9EAE706C7D47}.Debug|Any CPU.Build.0 = Debug|Any CPU
		{EC1E89E4-07E3-4F2D-8189-9EAE706C7D47}.Debug|x86.ActiveCfg = Debug|Any CPU
		{EC1E89E4-07E3-4F2D-8189-9EAE706C7D47}.Debug|x86.Build.0 = Debug|Any CPU
		{EC1E89E4-07E3-4F2D-8189-9EAE706C7D47}.Release|Any CPU.ActiveCfg = Release|Any CPU
		{EC1E89E4-07E3-4F2D-8189-9EAE706C7D47}.Release|Any CPU.Build.0 = Release|Any CPU
		{EC1E89E4-07E3-4F2D-8189-9EAE706C7D47}.Release|x86.ActiveCfg = Release|Any CPU
		{EC1E89E4-07E3-4F2D-8189-9EAE706C7D47}.Release|x86.Build.0 = Release|Any CPU
		{590A0261-B944-4B49-B7C7-B56FF38752CE}.Debug|Any CPU.ActiveCfg = Debug|Any CPU
		{590A0261-B944-4B49-B7C7-B56FF38752CE}.Debug|Any CPU.Build.0 = Debug|Any CPU
		{590A0261-B944-4B49-B7C7-B56FF38752CE}.Debug|x86.ActiveCfg = Debug|Any CPU
		{590A0261-B944-4B49-B7C7-B56FF38752CE}.Debug|x86.Build.0 = Debug|Any CPU
		{590A0261-B944-4B49-B7C7-B56FF38752CE}.Release|Any CPU.ActiveCfg = Release|Any CPU
		{590A0261-B944-4B49-B7C7-B56FF38752CE}.Release|Any CPU.Build.0 = Release|Any CPU
		{590A0261-B944-4B49-B7C7-B56FF38752CE}.Release|x86.ActiveCfg = Release|Any CPU
		{590A0261-B944-4B49-B7C7-B56FF38752CE}.Release|x86.Build.0 = Release|Any CPU
		{2EE650BF-8B06-456D-8244-FB26181AF546}.Debug|Any CPU.ActiveCfg = Debug|Any CPU
		{2EE650BF-8B06-456D-8244-FB26181AF546}.Debug|Any CPU.Build.0 = Debug|Any CPU
		{2EE650BF-8B06-456D-8244-FB26181AF546}.Debug|x86.ActiveCfg = Debug|Any CPU
		{2EE650BF-8B06-456D-8244-FB26181AF546}.Debug|x86.Build.0 = Debug|Any CPU
		{2EE650BF-8B06-456D-8244-FB26181AF546}.Release|Any CPU.ActiveCfg = Release|Any CPU
		{2EE650BF-8B06-456D-8244-FB26181AF546}.Release|Any CPU.Build.0 = Release|Any CPU
		{2EE650BF-8B06-456D-8244-FB26181AF546}.Release|x86.ActiveCfg = Release|Any CPU
		{2EE650BF-8B06-456D-8244-FB26181AF546}.Release|x86.Build.0 = Release|Any CPU
		{FE96245D-F597-499F-BC96-4C587B60F00D}.Debug|Any CPU.ActiveCfg = Debug|Any CPU
		{FE96245D-F597-499F-BC96-4C587B60F00D}.Debug|Any CPU.Build.0 = Debug|Any CPU
		{FE96245D-F597-499F-BC96-4C587B60F00D}.Debug|x86.ActiveCfg = Debug|Any CPU
		{FE96245D-F597-499F-BC96-4C587B60F00D}.Debug|x86.Build.0 = Debug|Any CPU
		{FE96245D-F597-499F-BC96-4C587B60F00D}.Release|Any CPU.ActiveCfg = Release|Any CPU
		{FE96245D-F597-499F-BC96-4C587B60F00D}.Release|Any CPU.Build.0 = Release|Any CPU
		{FE96245D-F597-499F-BC96-4C587B60F00D}.Release|x86.ActiveCfg = Release|Any CPU
		{FE96245D-F597-499F-BC96-4C587B60F00D}.Release|x86.Build.0 = Release|Any CPU
		{25CC30BF-61AB-4D06-9DCE-9AD2926DCE4F}.Debug|Any CPU.ActiveCfg = Debug|Any CPU
		{25CC30BF-61AB-4D06-9DCE-9AD2926DCE4F}.Debug|Any CPU.Build.0 = Debug|Any CPU
		{25CC30BF-61AB-4D06-9DCE-9AD2926DCE4F}.Debug|x86.ActiveCfg = Debug|Any CPU
		{25CC30BF-61AB-4D06-9DCE-9AD2926DCE4F}.Debug|x86.Build.0 = Debug|Any CPU
		{25CC30BF-61AB-4D06-9DCE-9AD2926DCE4F}.Release|Any CPU.ActiveCfg = Release|Any CPU
		{25CC30BF-61AB-4D06-9DCE-9AD2926DCE4F}.Release|Any CPU.Build.0 = Release|Any CPU
		{25CC30BF-61AB-4D06-9DCE-9AD2926DCE4F}.Release|x86.ActiveCfg = Release|Any CPU
		{25CC30BF-61AB-4D06-9DCE-9AD2926DCE4F}.Release|x86.Build.0 = Release|Any CPU
	EndGlobalSection
	GlobalSection(SolutionProperties) = preSolution
		HideSolutionNode = FALSE
	EndGlobalSection
	GlobalSection(ExtensibilityGlobals) = postSolution
		SolutionGuid = {261CBDF7-0DDC-484D-8EEA-3E137D9D928E}
	EndGlobalSection
EndGlobal
