
Microsoft Visual Studio Solution File, Format Version 12.00
# Visual Studio 15
VisualStudioVersion = 15.0.28307.779
MinimumVisualStudioVersion = 10.0.40219.1
Project("{2150E333-8FDC-42A3-9474-1A3956D46DE8}") = "0 - Presentation", "0 - Presentation", "{2DFFBF7B-8A7D-4DB7-BFAE-C1A5BB8712DE}"
EndProject
Project("{2150E333-8FDC-42A3-9474-1A3956D46DE8}") = "1 - Services", "1 - Services", "{D921D24D-0B63-44EF-B15C-61A56F1A5FB4}"
EndProject
Project("{2150E333-8FDC-42A3-9474-1A3956D46DE8}") = "2 - Application", "2 - Application", "{E5633280-4927-4D91-B07A-95E00DEA882A}"
EndProject
Project("{2150E333-8FDC-42A3-9474-1A3956D46DE8}") = "3 - Domain", "3 - Domain", "{B7C802DB-1C19-4DD1-B0E7-7BEADCBBC2DA}"
EndProject
Project("{2150E333-8FDC-42A3-9474-1A3956D46DE8}") = "4 - Infra", "4 - Infra", "{B6E5D27F-F706-4A2A-AB1D-83774F9319C9}"
EndProject
Project("{2150E333-8FDC-42A3-9474-1A3956D46DE8}") = "4.1 - Data", "4.1 - Data", "{1DA41853-81B9-45C7-A425-0A6D6FBB40DA}"
EndProject
Project("{2150E333-8FDC-42A3-9474-1A3956D46DE8}") = "4.2 - CrossCutting", "4.2 - CrossCutting", "{5F617590-0FAE-48D9-8639-225531C67D55}"
EndProject
Project("{FAE04EC0-301F-11D3-BF4B-00C04F79EFBC}") = "DKP.MDRA,MVC", "DKP.MDRA,MVC\DKP.MDRA,MVC.csproj", "{C14D0EE4-FA1B-4098-8287-9B6307A0E70E}"
EndProject
Project("{FAE04EC0-301F-11D3-BF4B-00C04F79EFBC}") = "DKP.MDRA.Infra.Data", "DKP.MDRA.Infra.Data\DKP.MDRA.Infra.Data.csproj", "{6D14A0FD-AC1E-4455-9CF3-3BF274B38BC5}"
EndProject
Project("{FAE04EC0-301F-11D3-BF4B-00C04F79EFBC}") = "DKP.MDRA.Domain", "DKP.MDRA.Domain\DKP.MDRA.Domain.csproj", "{87CCB5E2-0150-4C56-9CC3-F21B2B6056D7}"
EndProject
Project("{FAE04EC0-301F-11D3-BF4B-00C04F79EFBC}") = "DKP.MDRA.Application", "DKP.MDRA.Application\DKP.MDRA.Application.csproj", "{42C89463-E215-4046-A827-60B9E1897AAF}"
EndProject
Global
	GlobalSection(SolutionConfigurationPlatforms) = preSolution
		Debug|Any CPU = Debug|Any CPU
		Release|Any CPU = Release|Any CPU
	EndGlobalSection
	GlobalSection(ProjectConfigurationPlatforms) = postSolution
		{C14D0EE4-FA1B-4098-8287-9B6307A0E70E}.Debug|Any CPU.ActiveCfg = Debug|Any CPU
		{C14D0EE4-FA1B-4098-8287-9B6307A0E70E}.Debug|Any CPU.Build.0 = Debug|Any CPU
		{C14D0EE4-FA1B-4098-8287-9B6307A0E70E}.Release|Any CPU.ActiveCfg = Release|Any CPU
		{C14D0EE4-FA1B-4098-8287-9B6307A0E70E}.Release|Any CPU.Build.0 = Release|Any CPU
		{6D14A0FD-AC1E-4455-9CF3-3BF274B38BC5}.Debug|Any CPU.ActiveCfg = Debug|Any CPU
		{6D14A0FD-AC1E-4455-9CF3-3BF274B38BC5}.Debug|Any CPU.Build.0 = Debug|Any CPU
		{6D14A0FD-AC1E-4455-9CF3-3BF274B38BC5}.Release|Any CPU.ActiveCfg = Release|Any CPU
		{6D14A0FD-AC1E-4455-9CF3-3BF274B38BC5}.Release|Any CPU.Build.0 = Release|Any CPU
		{87CCB5E2-0150-4C56-9CC3-F21B2B6056D7}.Debug|Any CPU.ActiveCfg = Debug|Any CPU
		{87CCB5E2-0150-4C56-9CC3-F21B2B6056D7}.Debug|Any CPU.Build.0 = Debug|Any CPU
		{87CCB5E2-0150-4C56-9CC3-F21B2B6056D7}.Release|Any CPU.ActiveCfg = Release|Any CPU
		{87CCB5E2-0150-4C56-9CC3-F21B2B6056D7}.Release|Any CPU.Build.0 = Release|Any CPU
		{42C89463-E215-4046-A827-60B9E1897AAF}.Debug|Any CPU.ActiveCfg = Debug|Any CPU
		{42C89463-E215-4046-A827-60B9E1897AAF}.Debug|Any CPU.Build.0 = Debug|Any CPU
		{42C89463-E215-4046-A827-60B9E1897AAF}.Release|Any CPU.ActiveCfg = Release|Any CPU
		{42C89463-E215-4046-A827-60B9E1897AAF}.Release|Any CPU.Build.0 = Release|Any CPU
	EndGlobalSection
	GlobalSection(SolutionProperties) = preSolution
		HideSolutionNode = FALSE
	EndGlobalSection
	GlobalSection(NestedProjects) = preSolution
		{1DA41853-81B9-45C7-A425-0A6D6FBB40DA} = {B6E5D27F-F706-4A2A-AB1D-83774F9319C9}
		{5F617590-0FAE-48D9-8639-225531C67D55} = {B6E5D27F-F706-4A2A-AB1D-83774F9319C9}
		{C14D0EE4-FA1B-4098-8287-9B6307A0E70E} = {2DFFBF7B-8A7D-4DB7-BFAE-C1A5BB8712DE}
		{6D14A0FD-AC1E-4455-9CF3-3BF274B38BC5} = {1DA41853-81B9-45C7-A425-0A6D6FBB40DA}
		{87CCB5E2-0150-4C56-9CC3-F21B2B6056D7} = {B7C802DB-1C19-4DD1-B0E7-7BEADCBBC2DA}
		{42C89463-E215-4046-A827-60B9E1897AAF} = {E5633280-4927-4D91-B07A-95E00DEA882A}
	EndGlobalSection
	GlobalSection(ExtensibilityGlobals) = postSolution
		SolutionGuid = {47DE4FF9-0F21-42FB-8468-2155F8D02A5F}
	EndGlobalSection
EndGlobal
