
Microsoft Visual Studio Solution File, Format Version 12.00
# Visual Studio 15
VisualStudioVersion = 15.0.28307.779
MinimumVisualStudioVersion = 10.0.40219.1
Project("{FAE04EC0-301F-11D3-BF4B-00C04F79EFBC}") = "OcrTesteDois", "OcrTesteDois\OcrTesteDois.csproj", "{7FDC4375-E350-449E-8869-3C304FE794B0}"
EndProject
Project("{888888A0-9F3D-457C-B088-3A5042F75D52}") = "LeitorOCR", "LeitorOCR\LeitorOCR.pyproj", "{788B1A62-77DA-4B0D-A8A9-DE9C1309D8DE}"
EndProject
Global
	GlobalSection(SolutionConfigurationPlatforms) = preSolution
		Debug|Any CPU = Debug|Any CPU
		Release|Any CPU = Release|Any CPU
	EndGlobalSection
	GlobalSection(ProjectConfigurationPlatforms) = postSolution
		{7FDC4375-E350-449E-8869-3C304FE794B0}.Debug|Any CPU.ActiveCfg = Debug|Any CPU
		{7FDC4375-E350-449E-8869-3C304FE794B0}.Debug|Any CPU.Build.0 = Debug|Any CPU
		{7FDC4375-E350-449E-8869-3C304FE794B0}.Release|Any CPU.ActiveCfg = Release|Any CPU
		{7FDC4375-E350-449E-8869-3C304FE794B0}.Release|Any CPU.Build.0 = Release|Any CPU
		{788B1A62-77DA-4B0D-A8A9-DE9C1309D8DE}.Debug|Any CPU.ActiveCfg = Debug|Any CPU
		{788B1A62-77DA-4B0D-A8A9-DE9C1309D8DE}.Release|Any CPU.ActiveCfg = Release|Any CPU
	EndGlobalSection
	GlobalSection(SolutionProperties) = preSolution
		HideSolutionNode = FALSE
	EndGlobalSection
	GlobalSection(ExtensibilityGlobals) = postSolution
		SolutionGuid = {59BC7198-4D4E-4C3A-9C93-D38D0A44A8A4}
	EndGlobalSection
EndGlobal
